// !$*UTF8*$!
{
	archiveVersion = 1;
	classes = {
	};
	objectVersion = 77;
	objects = {

/* Begin PBXBuildFile section */
		703373F42E97178200827857 /* aicrosstalk Extension.appex in Embed Foundation Extensions */ = {isa = PBXBuildFile; fileRef = 703373F32E97178200827857 /* aicrosstalk Extension.appex */; settings = {ATTRIBUTES = (RemoveHeadersOnCopy, ); }; };
		703373FE2E97178200827857 /* aicrosstalk Extension.appex in Embed Foundation Extensions */ = {isa = PBXBuildFile; fileRef = 703373FD2E97178200827857 /* aicrosstalk Extension.appex */; settings = {ATTRIBUTES = (RemoveHeadersOnCopy, ); }; };
/* End PBXBuildFile section */

/* Begin PBXContainerItemProxy section */
		703373F52E97178200827857 /* PBXContainerItemProxy */ = {
			isa = PBXContainerItemProxy;
			containerPortal = 703373B92E97178000827857 /* Project object */;
			proxyType = 1;
			remoteGlobalIDString = 703373F22E97178200827857;
			remoteInfo = "aicrosstalk Extension (iOS)";
		};
		703373FF2E97178200827857 /* PBXContainerItemProxy */ = {
			isa = PBXContainerItemProxy;
			containerPortal = 703373B92E97178000827857 /* Project object */;
			proxyType = 1;
			remoteGlobalIDString = 703373FC2E97178200827857;
			remoteInfo = "aicrosstalk Extension (macOS)";
		};
/* End PBXContainerItemProxy section */

/* Begin PBXCopyFilesBuildPhase section */
		703374272E97178200827857 /* Embed Foundation Extensions */ = {
			isa = PBXCopyFilesBuildPhase;
			buildActionMask = 2147483647;
			dstPath = "";
			dstSubfolderSpec = 13;
			files = (
				703373F42E97178200827857 /* aicrosstalk Extension.appex in Embed Foundation Extensions */,
			);
			name = "Embed Foundation Extensions";
			runOnlyForDeploymentPostprocessing = 0;
		};
		703374312E97178200827857 /* Embed Foundation Extensions */ = {
			isa = PBXCopyFilesBuildPhase;
			buildActionMask = 2147483647;
			dstPath = "";
			dstSubfolderSpec = 13;
			files = (
				703373FE2E97178200827857 /* aicrosstalk Extension.appex in Embed Foundation Extensions */,
			);
			name = "Embed Foundation Extensions";
			runOnlyForDeploymentPostprocessing = 0;
		};
/* End PBXCopyFilesBuildPhase section */

/* Begin PBXFileReference section */
		703373D52E97178200827857 /* aicrosstalk.app */ = {isa = PBXFileReference; explicitFileType = wrapper.application; includeInIndex = 0; path = aicrosstalk.app; sourceTree = BUILT_PRODUCTS_DIR; };
		703373E72E97178200827857 /* aicrosstalk.app */ = {isa = PBXFileReference; explicitFileType = wrapper.application; includeInIndex = 0; path = aicrosstalk.app; sourceTree = BUILT_PRODUCTS_DIR; };
		703373F32E97178200827857 /* aicrosstalk Extension.appex */ = {isa = PBXFileReference; explicitFileType = "wrapper.app-extension"; includeInIndex = 0; path = "aicrosstalk Extension.appex"; sourceTree = BUILT_PRODUCTS_DIR; };
		703373FD2E97178200827857 /* aicrosstalk Extension.appex */ = {isa = PBXFileReference; explicitFileType = "wrapper.app-extension"; includeInIndex = 0; path = "aicrosstalk Extension.appex"; sourceTree = BUILT_PRODUCTS_DIR; };
/* End PBXFileReference section */

/* Begin PBXFileSystemSynchronizedBuildFileExceptionSet section */
		703374222E97178200827857 /* Exceptions for "Shared (App)" folder in "aicrosstalk (iOS)" target */ = {
			isa = PBXFileSystemSynchronizedBuildFileExceptionSet;
			membershipExceptions = (
				"/Localized: Resources/Main.html",
				Assets.xcassets,
				Resources/Icon.png,
				Resources/Script.js,
				Resources/Style.css,
				ViewController.swift,
			);
			target = 703373D42E97178200827857 /* aicrosstalk (iOS) */;
		};
		703374262E97178200827857 /* Exceptions for "iOS (Extension)" folder in "aicrosstalk Extension (iOS)" target */ = {
			isa = PBXFileSystemSynchronizedBuildFileExceptionSet;
			membershipExceptions = (
				Info.plist,
			);
			target = 703373F22E97178200827857 /* aicrosstalk Extension (iOS) */;
		};
		7033742B2E97178200827857 /* Exceptions for "iOS (App)" folder in "aicrosstalk (iOS)" target */ = {
			isa = PBXFileSystemSynchronizedBuildFileExceptionSet;
			membershipExceptions = (
				Info.plist,
			);
			target = 703373D42E97178200827857 /* aicrosstalk (iOS) */;
		};
		7033742C2E97178200827857 /* Exceptions for "Shared (App)" folder in "aicrosstalk (macOS)" target */ = {
			isa = PBXFileSystemSynchronizedBuildFileExceptionSet;
			membershipExceptions = (
				"/Localized: Resources/Main.html",
				Assets.xcassets,
				Resources/Icon.png,
				Resources/Script.js,
				Resources/Style.css,
				ViewController.swift,
			);
			target = 703373E62E97178200827857 /* aicrosstalk (macOS) */;
		};
		703374302E97178200827857 /* Exceptions for "macOS (Extension)" folder in "aicrosstalk Extension (macOS)" target */ = {
			isa = PBXFileSystemSynchronizedBuildFileExceptionSet;
			membershipExceptions = (
				Info.plist,
			);
			target = 703373FC2E97178200827857 /* aicrosstalk Extension (macOS) */;
		};
		703374352E97178200827857 /* Exceptions for "Shared (Extension)" folder in "aicrosstalk Extension (iOS)" target */ = {
			isa = PBXFileSystemSynchronizedBuildFileExceptionSet;
			membershipExceptions = (
				SafariWebExtensionHandler.swift,
			);
			target = 703373F22E97178200827857 /* aicrosstalk Extension (iOS) */;
		};
		703374362E97178200827857 /* Exceptions for "Shared (Extension)" folder in "aicrosstalk Extension (macOS)" target */ = {
			isa = PBXFileSystemSynchronizedBuildFileExceptionSet;
			membershipExceptions = (
				SafariWebExtensionHandler.swift,
			);
			target = 703373FC2E97178200827857 /* aicrosstalk Extension (macOS) */;
		};
		7033748C2E971FF900827857 /* Exceptions for "macOS (Extension)" folder in "aicrosstalk Extension (iOS)" target */ = {
			isa = PBXFileSystemSynchronizedBuildFileExceptionSet;
			membershipExceptions = (
				"icons/icon-16.png",
				"icons/icon-32.png",
				"icons/icon-48.png",
				"icons/icon-128.png",
				icons/README.md,
				popup/popup.css,
				popup/popup.html,
				popup/popup.js,
				scripts/background.js,
				"scripts/content-chatgpt.js",
				"scripts/content-claude.js",
				"scripts/envelope-parser.js",
			);
			target = 703373F22E97178200827857 /* aicrosstalk Extension (iOS) */;
		};
		703374902E97207300827857 /* Exceptions for "macOS (Extension)" folder in "aicrosstalk (iOS)" target */ = {
			isa = PBXFileSystemSynchronizedBuildFileExceptionSet;
			membershipExceptions = (
				manifest.json,
			);
			target = 703373D42E97178200827857 /* aicrosstalk (iOS) */;
		};
/* End PBXFileSystemSynchronizedBuildFileExceptionSet section */

/* Begin PBXFileSystemSynchronizedRootGroup section */
		703373BD2E97178000827857 /* Shared (App) */ = {
			isa = PBXFileSystemSynchronizedRootGroup;
			exceptions = (
				703374222E97178200827857 /* Exceptions for "Shared (App)" folder in "aicrosstalk (iOS)" target */,
				7033742C2E97178200827857 /* Exceptions for "Shared (App)" folder in "aicrosstalk (macOS)" target */,
			);
			path = "Shared (App)";
			sourceTree = "<group>";
		};
		703373C62E97178200827857 /* Shared (Extension) */ = {
			isa = PBXFileSystemSynchronizedRootGroup;
			exceptions = (
				703374352E97178200827857 /* Exceptions for "Shared (Extension)" folder in "aicrosstalk Extension (iOS)" target */,
				703374362E97178200827857 /* Exceptions for "Shared (Extension)" folder in "aicrosstalk Extension (macOS)" target */,
			);
			path = "Shared (Extension)";
			sourceTree = "<group>";
		};
		703373D72E97178200827857 /* iOS (App) */ = {
			isa = PBXFileSystemSynchronizedRootGroup;
			exceptions = (
				7033742B2E97178200827857 /* Exceptions for "iOS (App)" folder in "aicrosstalk (iOS)" target */,
			);
			path = "iOS (App)";
			sourceTree = "<group>";
		};
		703373E82E97178200827857 /* macOS (App) */ = {
			isa = PBXFileSystemSynchronizedRootGroup;
			path = "macOS (App)";
			sourceTree = "<group>";
		};
		703373F72E97178200827857 /* iOS (Extension) */ = {
			isa = PBXFileSystemSynchronizedRootGroup;
			exceptions = (
				703374262E97178200827857 /* Exceptions for "iOS (Extension)" folder in "aicrosstalk Extension (iOS)" target */,
			);
			path = "iOS (Extension)";
			sourceTree = "<group>";
		};
		703374012E97178200827857 /* macOS (Extension) */ = {
			isa = PBXFileSystemSynchronizedRootGroup;
			exceptions = (
				703374902E97207300827857 /* Exceptions for "macOS (Extension)" folder in "aicrosstalk (iOS)" target */,
				7033748C2E971FF900827857 /* Exceptions for "macOS (Extension)" folder in "aicrosstalk Extension (iOS)" target */,
				703374302E97178200827857 /* Exceptions for "macOS (Extension)" folder in "aicrosstalk Extension (macOS)" target */,
			);
			path = "macOS (Extension)";
			sourceTree = "<group>";
		};
/* End PBXFileSystemSynchronizedRootGroup section */

/* Begin PBXFrameworksBuildPhase section */
		703373D22E97178200827857 /* Frameworks */ = {
			isa = PBXFrameworksBuildPhase;
			buildActionMask = 2147483647;
			files = (
			);
			runOnlyForDeploymentPostprocessing = 0;
		};
		703373E42E97178200827857 /* Frameworks */ = {
			isa = PBXFrameworksBuildPhase;
			buildActionMask = 2147483647;
			files = (
			);
			runOnlyForDeploymentPostprocessing = 0;
		};
		703373F02E97178200827857 /* Frameworks */ = {
			isa = PBXFrameworksBuildPhase;
			buildActionMask = 2147483647;
			files = (
			);
			runOnlyForDeploymentPostprocessing = 0;
		};
		703373FA2E97178200827857 /* Frameworks */ = {
			isa = PBXFrameworksBuildPhase;
			buildActionMask = 2147483647;
			files = (
			);
			runOnlyForDeploymentPostprocessing = 0;
		};
/* End PBXFrameworksBuildPhase section */

/* Begin PBXGroup section */
		703373B82E97178000827857 = {
			isa = PBXGroup;
			children = (
				703373BD2E97178000827857 /* Shared (App) */,
				703373C62E97178200827857 /* Shared (Extension) */,
				703373D72E97178200827857 /* iOS (App) */,
				703373E82E97178200827857 /* macOS (App) */,
				703373F72E97178200827857 /* iOS (Extension) */,
				703374012E97178200827857 /* macOS (Extension) */,
				703373D62E97178200827857 /* Products */,
			);
			sourceTree = "<group>";
		};
		703373D62E97178200827857 /* Products */ = {
			isa = PBXGroup;
			children = (
				703373D52E97178200827857 /* aicrosstalk.app */,
				703373E72E97178200827857 /* aicrosstalk.app */,
				703373F32E97178200827857 /* aicrosstalk Extension.appex */,
				703373FD2E97178200827857 /* aicrosstalk Extension.appex */,
			);
			name = Products;
			sourceTree = "<group>";
		};
/* End PBXGroup section */

/* Begin PBXNativeTarget section */
		703373D42E97178200827857 /* aicrosstalk (iOS) */ = {
			isa = PBXNativeTarget;
			buildConfigurationList = 703374282E97178200827857 /* Build configuration list for PBXNativeTarget "aicrosstalk (iOS)" */;
			buildPhases = (
				703373D12E97178200827857 /* Sources */,
				703373D22E97178200827857 /* Frameworks */,
				703373D32E97178200827857 /* Resources */,
				703374272E97178200827857 /* Embed Foundation Extensions */,
			);
			buildRules = (
			);
			dependencies = (
				703373F62E97178200827857 /* PBXTargetDependency */,
			);
			fileSystemSynchronizedGroups = (
				703373D72E97178200827857 /* iOS (App) */,
			);
			name = "aicrosstalk (iOS)";
			packageProductDependencies = (
			);
			productName = "aicrosstalk (iOS)";
			productReference = 703373D52E97178200827857 /* aicrosstalk.app */;
			productType = "com.apple.product-type.application";
		};
		703373E62E97178200827857 /* aicrosstalk (macOS) */ = {
			isa = PBXNativeTarget;
			buildConfigurationList = 703374322E97178200827857 /* Build configuration list for PBXNativeTarget "aicrosstalk (macOS)" */;
			buildPhases = (
				703373E32E97178200827857 /* Sources */,
				703373E42E97178200827857 /* Frameworks */,
				703373E52E97178200827857 /* Resources */,
				703374312E97178200827857 /* Embed Foundation Extensions */,
			);
			buildRules = (
			);
			dependencies = (
				703374002E97178200827857 /* PBXTargetDependency */,
			);
			fileSystemSynchronizedGroups = (
				703373E82E97178200827857 /* macOS (App) */,
			);
			name = "aicrosstalk (macOS)";
			packageProductDependencies = (
			);
			productName = "aicrosstalk (macOS)";
			productReference = 703373E72E97178200827857 /* aicrosstalk.app */;
			productType = "com.apple.product-type.application";
		};
		703373F22E97178200827857 /* aicrosstalk Extension (iOS) */ = {
			isa = PBXNativeTarget;
			buildConfigurationList = 703374232E97178200827857 /* Build configuration list for PBXNativeTarget "aicrosstalk Extension (iOS)" */;
			buildPhases = (
				703373EF2E97178200827857 /* Sources */,
				703373F02E97178200827857 /* Frameworks */,
				703373F12E97178200827857 /* Resources */,
			);
			buildRules = (
			);
			dependencies = (
			);
			fileSystemSynchronizedGroups = (
				703373F72E97178200827857 /* iOS (Extension) */,
			);
			name = "aicrosstalk Extension (iOS)";
			packageProductDependencies = (
			);
			productName = "aicrosstalk Extension (iOS)";
			productReference = 703373F32E97178200827857 /* aicrosstalk Extension.appex */;
			productType = "com.apple.product-type.app-extension";
		};
		703373FC2E97178200827857 /* aicrosstalk Extension (macOS) */ = {
			isa = PBXNativeTarget;
			buildConfigurationList = 7033742D2E97178200827857 /* Build configuration list for PBXNativeTarget "aicrosstalk Extension (macOS)" */;
			buildPhases = (
				703373F92E97178200827857 /* Sources */,
				703373FA2E97178200827857 /* Frameworks */,
				703373FB2E97178200827857 /* Resources */,
			);
			buildRules = (
			);
			dependencies = (
			);
			fileSystemSynchronizedGroups = (
				703374012E97178200827857 /* macOS (Extension) */,
			);
			name = "aicrosstalk Extension (macOS)";
			packageProductDependencies = (
			);
			productName = "aicrosstalk Extension (macOS)";
			productReference = 703373FD2E97178200827857 /* aicrosstalk Extension.appex */;
			productType = "com.apple.product-type.app-extension";
		};
/* End PBXNativeTarget section */

/* Begin PBXProject section */
		703373B92E97178000827857 /* Project object */ = {
			isa = PBXProject;
			attributes = {
				BuildIndependentTargetsInParallel = 1;
				LastSwiftUpdateCheck = 1640;
				LastUpgradeCheck = 1640;
				TargetAttributes = {
					703373D42E97178200827857 = {
						CreatedOnToolsVersion = 16.4;
					};
					703373E62E97178200827857 = {
						CreatedOnToolsVersion = 16.4;
					};
					703373F22E97178200827857 = {
						CreatedOnToolsVersion = 16.4;
					};
					703373FC2E97178200827857 = {
						CreatedOnToolsVersion = 16.4;
					};
				};
			};
			buildConfigurationList = 703373BC2E97178000827857 /* Build configuration list for PBXProject "aicrosstalk" */;
			developmentRegion = en;
			hasScannedForEncodings = 0;
			knownRegions = (
				en,
				Base,
			);
			mainGroup = 703373B82E97178000827857;
			minimizedProjectReferenceProxies = 1;
			preferredProjectObjectVersion = 77;
			productRefGroup = 703373D62E97178200827857 /* Products */;
			projectDirPath = "";
			projectRoot = "";
			targets = (
				703373D42E97178200827857 /* aicrosstalk (iOS) */,
				703373E62E97178200827857 /* aicrosstalk (macOS) */,
				703373F22E97178200827857 /* aicrosstalk Extension (iOS) */,
				703373FC2E97178200827857 /* aicrosstalk Extension (macOS) */,
			);
		};
/* End PBXProject section */

/* Begin PBXResourcesBuildPhase section */
		703373D32E97178200827857 /* Resources */ = {
			isa = PBXResourcesBuildPhase;
			buildActionMask = 2147483647;
			files = (
			);
			runOnlyForDeploymentPostprocessing = 0;
		};
		703373E52E97178200827857 /* Resources */ = {
			isa = PBXResourcesBuildPhase;
			buildActionMask = 2147483647;
			files = (
			);
			runOnlyForDeploymentPostprocessing = 0;
		};
		703373F12E97178200827857 /* Resources */ = {
			isa = PBXResourcesBuildPhase;
			buildActionMask = 2147483647;
			files = (
			);
			runOnlyForDeploymentPostprocessing = 0;
		};
		703373FB2E97178200827857 /* Resources */ = {
			isa = PBXResourcesBuildPhase;
			buildActionMask = 2147483647;
			files = (
			);
			runOnlyForDeploymentPostprocessing = 0;
		};
/* End PBXResourcesBuildPhase section */

/* Begin PBXSourcesBuildPhase section */
		703373D12E97178200827857 /* Sources */ = {
			isa = PBXSourcesBuildPhase;
			buildActionMask = 2147483647;
			files = (
			);
			runOnlyForDeploymentPostprocessing = 0;
		};
		703373E32E97178200827857 /* Sources */ = {
			isa = PBXSourcesBuildPhase;
			buildActionMask = 2147483647;
			files = (
			);
			runOnlyForDeploymentPostprocessing = 0;
		};
		703373EF2E97178200827857 /* Sources */ = {
			isa = PBXSourcesBuildPhase;
			buildActionMask = 2147483647;
			files = (
			);
			runOnlyForDeploymentPostprocessing = 0;
		};
		703373F92E97178200827857 /* Sources */ = {
			isa = PBXSourcesBuildPhase;
			buildActionMask = 2147483647;
			files = (
			);
			runOnlyForDeploymentPostprocessing = 0;
		};
/* End PBXSourcesBuildPhase section */

/* Begin PBXTargetDependency section */
		703373F62E97178200827857 /* PBXTargetDependency */ = {
			isa = PBXTargetDependency;
			target = 703373F22E97178200827857 /* aicrosstalk Extension (iOS) */;
			targetProxy = 703373F52E97178200827857 /* PBXContainerItemProxy */;
		};
		703374002E97178200827857 /* PBXTargetDependency */ = {
			isa = PBXTargetDependency;
			target = 703373FC2E97178200827857 /* aicrosstalk Extension (macOS) */;
			targetProxy = 703373FF2E97178200827857 /* PBXContainerItemProxy */;
		};
/* End PBXTargetDependency section */

/* Begin XCBuildConfiguration section */
		703374242E97178200827857 /* Debug */ = {
			isa = XCBuildConfiguration;
			buildSettings = {
				CODE_SIGN_STYLE = Automatic;
				CURRENT_PROJECT_VERSION = 1;
				DEVELOPMENT_TEAM = PY9A2YMB55;
				GENERATE_INFOPLIST_FILE = YES;
				INFOPLIST_FILE = "iOS (Extension)/Info.plist";
				INFOPLIST_KEY_CFBundleDisplayName = "aicrosstalk Extension";
				INFOPLIST_KEY_NSHumanReadableCopyright = "";
				IPHONEOS_DEPLOYMENT_TARGET = 15.0;
				LD_RUNPATH_SEARCH_PATHS = (
					"$(inherited)",
					"@executable_path/Frameworks",
					"@executable_path/../../Frameworks",
				);
				MARKETING_VERSION = 1.0;
				OTHER_LDFLAGS = (
					"-framework",
					SafariServices,
				);
				PRODUCT_BUNDLE_IDENTIFIER = com.soiha.aicrosstalk.Extension;
				PRODUCT_NAME = "aicrosstalk Extension";
				SDKROOT = iphoneos;
				SKIP_INSTALL = YES;
				SWIFT_EMIT_LOC_STRINGS = YES;
				SWIFT_VERSION = 5.0;
				TARGETED_DEVICE_FAMILY = "1,2";
			};
			name = Debug;
		};
		703374252E97178200827857 /* Release */ = {
			isa = XCBuildConfiguration;
			buildSettings = {
				CODE_SIGN_STYLE = Automatic;
				CURRENT_PROJECT_VERSION = 1;
				DEVELOPMENT_TEAM = PY9A2YMB55;
				GENERATE_INFOPLIST_FILE = YES;
				INFOPLIST_FILE = "iOS (Extension)/Info.plist";
				INFOPLIST_KEY_CFBundleDisplayName = "aicrosstalk Extension";
				INFOPLIST_KEY_NSHumanReadableCopyright = "";
				IPHONEOS_DEPLOYMENT_TARGET = 15.0;
				LD_RUNPATH_SEARCH_PATHS = (
					"$(inherited)",
					"@executable_path/Frameworks",
					"@executable_path/../../Frameworks",
				);
				MARKETING_VERSION = 1.0;
				OTHER_LDFLAGS = (
					"-framework",
					SafariServices,
				);
				PRODUCT_BUNDLE_IDENTIFIER = com.soiha.aicrosstalk.Extension;
				PRODUCT_NAME = "aicrosstalk Extension";
				SDKROOT = iphoneos;
				SKIP_INSTALL = YES;
				SWIFT_EMIT_LOC_STRINGS = YES;
				SWIFT_VERSION = 5.0;
				TARGETED_DEVICE_FAMILY = "1,2";
				VALIDATE_PRODUCT = YES;
			};
			name = Release;
		};
		703374292E97178200827857 /* Debug */ = {
			isa = XCBuildConfiguration;
			buildSettings = {
				ASSETCATALOG_COMPILER_APPICON_NAME = AppIcon;
				ASSETCATALOG_COMPILER_GLOBAL_ACCENT_COLOR_NAME = AccentColor;
				CODE_SIGN_STYLE = Automatic;
				CURRENT_PROJECT_VERSION = 1;
				DEVELOPMENT_TEAM = PY9A2YMB55;
				GENERATE_INFOPLIST_FILE = YES;
				INFOPLIST_FILE = "iOS (App)/Info.plist";
				INFOPLIST_KEY_CFBundleDisplayName = aicrosstalk;
				INFOPLIST_KEY_UIApplicationSupportsIndirectInputEvents = YES;
				INFOPLIST_KEY_UILaunchStoryboardName = LaunchScreen;
				INFOPLIST_KEY_UIMainStoryboardFile = Main;
				INFOPLIST_KEY_UISupportedInterfaceOrientations = "UIInterfaceOrientationPortrait UIInterfaceOrientationLandscapeLeft UIInterfaceOrientationLandscapeRight";
				INFOPLIST_KEY_UISupportedInterfaceOrientations_iPad = "UIInterfaceOrientationPortrait UIInterfaceOrientationPortraitUpsideDown UIInterfaceOrientationLandscapeLeft UIInterfaceOrientationLandscapeRight";
				IPHONEOS_DEPLOYMENT_TARGET = 15.0;
				LD_RUNPATH_SEARCH_PATHS = (
					"$(inherited)",
					"@executable_path/Frameworks",
				);
				MARKETING_VERSION = 1.0;
				OTHER_LDFLAGS = (
					"-framework",
					SafariServices,
					"-framework",
					WebKit,
				);
				PRODUCT_BUNDLE_IDENTIFIER = com.soiha.aicrosstalk;
				PRODUCT_NAME = aicrosstalk;
				SDKROOT = iphoneos;
				SWIFT_EMIT_LOC_STRINGS = YES;
				SWIFT_VERSION = 5.0;
				TARGETED_DEVICE_FAMILY = "1,2";
			};
			name = Debug;
		};
		7033742A2E97178200827857 /* Release */ = {
			isa = XCBuildConfiguration;
			buildSettings = {
				ASSETCATALOG_COMPILER_APPICON_NAME = AppIcon;
				ASSETCATALOG_COMPILER_GLOBAL_ACCENT_COLOR_NAME = AccentColor;
				CODE_SIGN_STYLE = Automatic;
				CURRENT_PROJECT_VERSION = 1;
				DEVELOPMENT_TEAM = PY9A2YMB55;
				GENERATE_INFOPLIST_FILE = YES;
				INFOPLIST_FILE = "iOS (App)/Info.plist";
				INFOPLIST_KEY_CFBundleDisplayName = aicrosstalk;
				INFOPLIST_KEY_UIApplicationSupportsIndirectInputEvents = YES;
				INFOPLIST_KEY_UILaunchStoryboardName = LaunchScreen;
				INFOPLIST_KEY_UIMainStoryboardFile = Main;
				INFOPLIST_KEY_UISupportedInterfaceOrientations = "UIInterfaceOrientationPortrait UIInterfaceOrientationLandscapeLeft UIInterfaceOrientationLandscapeRight";
				INFOPLIST_KEY_UISupportedInterfaceOrientations_iPad = "UIInterfaceOrientationPortrait UIInterfaceOrientationPortraitUpsideDown UIInterfaceOrientationLandscapeLeft UIInterfaceOrientationLandscapeRight";
				IPHONEOS_DEPLOYMENT_TARGET = 15.0;
				LD_RUNPATH_SEARCH_PATHS = (
					"$(inherited)",
					"@executable_path/Frameworks",
				);
				MARKETING_VERSION = 1.0;
				OTHER_LDFLAGS = (
					"-framework",
					SafariServices,
					"-framework",
					WebKit,
				);
				PRODUCT_BUNDLE_IDENTIFIER = com.soiha.aicrosstalk;
				PRODUCT_NAME = aicrosstalk;
				SDKROOT = iphoneos;
				SWIFT_EMIT_LOC_STRINGS = YES;
				SWIFT_VERSION = 5.0;
				TARGETED_DEVICE_FAMILY = "1,2";
				VALIDATE_PRODUCT = YES;
			};
			name = Release;
		};
		7033742E2E97178200827857 /* Debug */ = {
			isa = XCBuildConfiguration;
			buildSettings = {
				CODE_SIGN_ENTITLEMENTS = "macOS (Extension)/aicrosstalk.entitlements";
				CODE_SIGN_STYLE = Automatic;
				CURRENT_PROJECT_VERSION = 1;
				ENABLE_HARDENED_RUNTIME = YES;
				GENERATE_INFOPLIST_FILE = YES;
				INFOPLIST_FILE = "macOS (Extension)/Info.plist";
				INFOPLIST_KEY_CFBundleDisplayName = "aicrosstalk Extension";
				INFOPLIST_KEY_NSHumanReadableCopyright = "";
				LD_RUNPATH_SEARCH_PATHS = (
					"$(inherited)",
					"@executable_path/../Frameworks",
					"@executable_path/../../../../Frameworks",
				);
				MACOSX_DEPLOYMENT_TARGET = 10.14;
				MARKETING_VERSION = 1.0;
				OTHER_LDFLAGS = (
					"-framework",
					SafariServices,
				);
				PRODUCT_BUNDLE_IDENTIFIER = com.soiha.aicrosstalk.Extension;
				PRODUCT_NAME = "aicrosstalk Extension";
				SDKROOT = macosx;
				SKIP_INSTALL = YES;
				SWIFT_EMIT_LOC_STRINGS = YES;
				SWIFT_VERSION = 5.0;
			};
			name = Debug;
		};
		7033742F2E97178200827857 /* Release */ = {
			isa = XCBuildConfiguration;
			buildSettings = {
				CODE_SIGN_ENTITLEMENTS = "macOS (Extension)/aicrosstalk.entitlements";
				CODE_SIGN_STYLE = Automatic;
				CURRENT_PROJECT_VERSION = 1;
				ENABLE_HARDENED_RUNTIME = YES;
				GENERATE_INFOPLIST_FILE = YES;
				INFOPLIST_FILE = "macOS (Extension)/Info.plist";
				INFOPLIST_KEY_CFBundleDisplayName = "aicrosstalk Extension";
				INFOPLIST_KEY_NSHumanReadableCopyright = "";
				LD_RUNPATH_SEARCH_PATHS = (
					"$(inherited)",
					"@executable_path/../Frameworks",
					"@executable_path/../../../../Frameworks",
				);
				MACOSX_DEPLOYMENT_TARGET = 10.14;
				MARKETING_VERSION = 1.0;
				OTHER_LDFLAGS = (
					"-framework",
					SafariServices,
				);
				PRODUCT_BUNDLE_IDENTIFIER = com.soiha.aicrosstalk.Extension;
				PRODUCT_NAME = "aicrosstalk Extension";
				SDKROOT = macosx;
				SKIP_INSTALL = YES;
				SWIFT_EMIT_LOC_STRINGS = YES;
				SWIFT_VERSION = 5.0;
			};
			name = Release;
		};
		703374332E97178200827857 /* Debug */ = {
			isa = XCBuildConfiguration;
			buildSettings = {
				ASSETCATALOG_COMPILER_APPICON_NAME = AppIcon;
				ASSETCATALOG_COMPILER_GLOBAL_ACCENT_COLOR_NAME = AccentColor;
				CODE_SIGN_ENTITLEMENTS = "macOS (App)/aicrosstalk.entitlements";
				CODE_SIGN_STYLE = Automatic;
				CURRENT_PROJECT_VERSION = 1;
				ENABLE_HARDENED_RUNTIME = YES;
				GENERATE_INFOPLIST_FILE = YES;
				INFOPLIST_KEY_CFBundleDisplayName = aicrosstalk;
				INFOPLIST_KEY_NSMainStoryboardFile = Main;
				INFOPLIST_KEY_NSPrincipalClass = NSApplication;
				LD_RUNPATH_SEARCH_PATHS = (
					"$(inherited)",
					"@executable_path/../Frameworks",
				);
				MACOSX_DEPLOYMENT_TARGET = 10.14;
				MARKETING_VERSION = 1.0;
				OTHER_LDFLAGS = (
					"-framework",
					SafariServices,
					"-framework",
					WebKit,
				);
				PRODUCT_BUNDLE_IDENTIFIER = com.soiha.aicrosstalk;
				PRODUCT_NAME = aicrosstalk;
				REGISTER_APP_GROUPS = YES;
				SDKROOT = macosx;
				SWIFT_EMIT_LOC_STRINGS = YES;
				SWIFT_VERSION = 5.0;
			};
			name = Debug;
		};
		703374342E97178200827857 /* Release */ = {
			isa = XCBuildConfiguration;
			buildSettings = {
				ASSETCATALOG_COMPILER_APPICON_NAME = AppIcon;
				ASSETCATALOG_COMPILER_GLOBAL_ACCENT_COLOR_NAME = AccentColor;
				CODE_SIGN_ENTITLEMENTS = "macOS (App)/aicrosstalk.entitlements";
				CODE_SIGN_STYLE = Automatic;
				CURRENT_PROJECT_VERSION = 1;
				ENABLE_HARDENED_RUNTIME = YES;
				GENERATE_INFOPLIST_FILE = YES;
				INFOPLIST_KEY_CFBundleDisplayName = aicrosstalk;
				INFOPLIST_KEY_NSMainStoryboardFile = Main;
				INFOPLIST_KEY_NSPrincipalClass = NSApplication;
				LD_RUNPATH_SEARCH_PATHS = (
					"$(inherited)",
					"@executable_path/../Frameworks",
				);
				MACOSX_DEPLOYMENT_TARGET = 10.14;
				MARKETING_VERSION = 1.0;
				OTHER_LDFLAGS = (
					"-framework",
					SafariServices,
					"-framework",
					WebKit,
				);
				PRODUCT_BUNDLE_IDENTIFIER = com.soiha.aicrosstalk;
				PRODUCT_NAME = aicrosstalk;
				REGISTER_APP_GROUPS = YES;
				SDKROOT = macosx;
				SWIFT_EMIT_LOC_STRINGS = YES;
				SWIFT_VERSION = 5.0;
			};
			name = Release;
		};
		703374372E97178200827857 /* Debug */ = {
			isa = XCBuildConfiguration;
			buildSettings = {
				ALWAYS_SEARCH_USER_PATHS = NO;
				ASSETCATALOG_COMPILER_GENERATE_SWIFT_ASSET_SYMBOL_EXTENSIONS = YES;
				CLANG_ANALYZER_NONNULL = YES;
				CLANG_ANALYZER_NUMBER_OBJECT_CONVERSION = YES_AGGRESSIVE;
				CLANG_CXX_LANGUAGE_STANDARD = "gnu++20";
				CLANG_ENABLE_MODULES = YES;
				CLANG_ENABLE_OBJC_ARC = YES;
				CLANG_ENABLE_OBJC_WEAK = YES;
				CLANG_WARN_BLOCK_CAPTURE_AUTORELEASING = YES;
				CLANG_WARN_BOOL_CONVERSION = YES;
				CLANG_WARN_COMMA = YES;
				CLANG_WARN_CONSTANT_CONVERSION = YES;
				CLANG_WARN_DEPRECATED_OBJC_IMPLEMENTATIONS = YES;
				CLANG_WARN_DIRECT_OBJC_ISA_USAGE = YES_ERROR;
				CLANG_WARN_DOCUMENTATION_COMMENTS = YES;
				CLANG_WARN_EMPTY_BODY = YES;
				CLANG_WARN_ENUM_CONVERSION = YES;
				CLANG_WARN_INFINITE_RECURSION = YES;
				CLANG_WARN_INT_CONVERSION = YES;
				CLANG_WARN_NON_LITERAL_NULL_CONVERSION = YES;
				CLANG_WARN_OBJC_IMPLICIT_RETAIN_SELF = YES;
				CLANG_WARN_OBJC_LITERAL_CONVERSION = YES;
				CLANG_WARN_OBJC_ROOT_CLASS = YES_ERROR;
				CLANG_WARN_QUOTED_INCLUDE_IN_FRAMEWORK_HEADER = YES;
				CLANG_WARN_RANGE_LOOP_ANALYSIS = YES;
				CLANG_WARN_STRICT_PROTOTYPES = YES;
				CLANG_WARN_SUSPICIOUS_MOVE = YES;
				CLANG_WARN_UNGUARDED_AVAILABILITY = YES_AGGRESSIVE;
				CLANG_WARN_UNREACHABLE_CODE = YES;
				CLANG_WARN__DUPLICATE_METHOD_MATCH = YES;
				COPY_PHASE_STRIP = NO;
				DEBUG_INFORMATION_FORMAT = dwarf;
				ENABLE_STRICT_OBJC_MSGSEND = YES;
				ENABLE_TESTABILITY = YES;
				ENABLE_USER_SCRIPT_SANDBOXING = YES;
				GCC_C_LANGUAGE_STANDARD = gnu17;
				GCC_DYNAMIC_NO_PIC = NO;
				GCC_NO_COMMON_BLOCKS = YES;
				GCC_OPTIMIZATION_LEVEL = 0;
				GCC_PREPROCESSOR_DEFINITIONS = (
					"DEBUG=1",
					"$(inherited)",
				);
				GCC_WARN_64_TO_32_BIT_CONVERSION = YES;
				GCC_WARN_ABOUT_RETURN_TYPE = YES_ERROR;
				GCC_WARN_UNDECLARED_SELECTOR = YES;
				GCC_WARN_UNINITIALIZED_AUTOS = YES_AGGRESSIVE;
				GCC_WARN_UNUSED_FUNCTION = YES;
				GCC_WARN_UNUSED_VARIABLE = YES;
				LOCALIZATION_PREFERS_STRING_CATALOGS = YES;
				MTL_ENABLE_DEBUG_INFO = INCLUDE_SOURCE;
				MTL_FAST_MATH = YES;
				ONLY_ACTIVE_ARCH = YES;
				SWIFT_ACTIVE_COMPILATION_CONDITIONS = "DEBUG $(inherited)";
				SWIFT_OPTIMIZATION_LEVEL = "-Onone";
			};
			name = Debug;
		};
		703374382E97178200827857 /* Release */ = {
			isa = XCBuildConfiguration;
			buildSettings = {
				ALWAYS_SEARCH_USER_PATHS = NO;
				ASSETCATALOG_COMPILER_GENERATE_SWIFT_ASSET_SYMBOL_EXTENSIONS = YES;
				CLANG_ANALYZER_NONNULL = YES;
				CLANG_ANALYZER_NUMBER_OBJECT_CONVERSION = YES_AGGRESSIVE;
				CLANG_CXX_LANGUAGE_STANDARD = "gnu++20";
				CLANG_ENABLE_MODULES = YES;
				CLANG_ENABLE_OBJC_ARC = YES;
				CLANG_ENABLE_OBJC_WEAK = YES;
				CLANG_WARN_BLOCK_CAPTURE_AUTORELEASING = YES;
				CLANG_WARN_BOOL_CONVERSION = YES;
				CLANG_WARN_COMMA = YES;
				CLANG_WARN_CONSTANT_CONVERSION = YES;
				CLANG_WARN_DEPRECATED_OBJC_IMPLEMENTATIONS = YES;
				CLANG_WARN_DIRECT_OBJC_ISA_USAGE = YES_ERROR;
				CLANG_WARN_DOCUMENTATION_COMMENTS = YES;
				CLANG_WARN_EMPTY_BODY = YES;
				CLANG_WARN_ENUM_CONVERSION = YES;
				CLANG_WARN_INFINITE_RECURSION = YES;
				CLANG_WARN_INT_CONVERSION = YES;
				CLANG_WARN_NON_LITERAL_NULL_CONVERSION = YES;
				CLANG_WARN_OBJC_IMPLICIT_RETAIN_SELF = YES;
				CLANG_WARN_OBJC_LITERAL_CONVERSION = YES;
				CLANG_WARN_OBJC_ROOT_CLASS = YES_ERROR;
				CLANG_WARN_QUOTED_INCLUDE_IN_FRAMEWORK_HEADER = YES;
				CLANG_WARN_RANGE_LOOP_ANALYSIS = YES;
				CLANG_WARN_STRICT_PROTOTYPES = YES;
				CLANG_WARN_SUSPICIOUS_MOVE = YES;
				CLANG_WARN_UNGUARDED_AVAILABILITY = YES_AGGRESSIVE;
				CLANG_WARN_UNREACHABLE_CODE = YES;
				CLANG_WARN__DUPLICATE_METHOD_MATCH = YES;
				COPY_PHASE_STRIP = NO;
				DEBUG_INFORMATION_FORMAT = "dwarf-with-dsym";
				ENABLE_NS_ASSERTIONS = NO;
				ENABLE_STRICT_OBJC_MSGSEND = YES;
				ENABLE_USER_SCRIPT_SANDBOXING = YES;
				GCC_C_LANGUAGE_STANDARD = gnu17;
				GCC_NO_COMMON_BLOCKS = YES;
				GCC_WARN_64_TO_32_BIT_CONVERSION = YES;
				GCC_WARN_ABOUT_RETURN_TYPE = YES_ERROR;
				GCC_WARN_UNDECLARED_SELECTOR = YES;
				GCC_WARN_UNINITIALIZED_AUTOS = YES_AGGRESSIVE;
				GCC_WARN_UNUSED_FUNCTION = YES;
				GCC_WARN_UNUSED_VARIABLE = YES;
				LOCALIZATION_PREFERS_STRING_CATALOGS = YES;
				MTL_ENABLE_DEBUG_INFO = NO;
				MTL_FAST_MATH = YES;
				SWIFT_COMPILATION_MODE = wholemodule;
			};
			name = Release;
		};
/* End XCBuildConfiguration section */

/* Begin XCConfigurationList section */
		703373BC2E97178000827857 /* Build configuration list for PBXProject "aicrosstalk" */ = {
			isa = XCConfigurationList;
			buildConfigurations = (
				703374372E97178200827857 /* Debug */,
				703374382E97178200827857 /* Release */,
			);
			defaultConfigurationIsVisible = 0;
			defaultConfigurationName = Release;
		};
		703374232E97178200827857 /* Build configuration list for PBXNativeTarget "aicrosstalk Extension (iOS)" */ = {
			isa = XCConfigurationList;
			buildConfigurations = (
				703374242E97178200827857 /* Debug */,
				703374252E97178200827857 /* Release */,
			);
			defaultConfigurationIsVisible = 0;
			defaultConfigurationName = Release;
		};
		703374282E97178200827857 /* Build configuration list for PBXNativeTarget "aicrosstalk (iOS)" */ = {
			isa = XCConfigurationList;
			buildConfigurations = (
				703374292E97178200827857 /* Debug */,
				7033742A2E97178200827857 /* Release */,
			);
			defaultConfigurationIsVisible = 0;
			defaultConfigurationName = Release;
		};
		7033742D2E97178200827857 /* Build configuration list for PBXNativeTarget "aicrosstalk Extension (macOS)" */ = {
			isa = XCConfigurationList;
			buildConfigurations = (
				7033742E2E97178200827857 /* Debug */,
				7033742F2E97178200827857 /* Release */,
			);
			defaultConfigurationIsVisible = 0;
			defaultConfigurationName = Release;
		};
		703374322E97178200827857 /* Build configuration list for PBXNativeTarget "aicrosstalk (macOS)" */ = {
			isa = XCConfigurationList;
			buildConfigurations = (
				703374332E97178200827857 /* Debug */,
				703374342E97178200827857 /* Release */,
			);
			defaultConfigurationIsVisible = 0;
			defaultConfigurationName = Release;
		};
/* End XCConfigurationList section */
	};
	rootObject = 703373B92E97178000827857 /* Project object */;
}
